
Microsoft Visual Studio Solution File, Format Version 12.00
# Visual Studio Version 17
VisualStudioVersion = 17.11.35312.102
MinimumVisualStudioVersion = 10.0.40219.1
Project("{FAE04EC0-301F-11D3-BF4B-00C04F79EFBC}") = "CSVFile", "CSVFile.csproj", "{649FF047-27E2-4992-A039-74CE2641D0AA}"
EndProject
Global
	GlobalSection(SolutionConfigurationPlatforms) = preSolution
		Debug|Any CPU = Debug|Any CPU
		Release|Any CPU = Release|Any CPU
	EndGlobalSection
	GlobalSection(ProjectConfigurationPlatforms) = postSolution
		{649FF047-27E2-4992-A039-74CE2641D0AA}.Debug|Any CPU.ActiveCfg = Debug|Any CPU
		{649FF047-27E2-4992-A039-74CE2641D0AA}.Debug|Any CPU.Build.0 = Debug|Any CPU
		{649FF047-27E2-4992-A039-74CE2641D0AA}.Release|Any CPU.ActiveCfg = Release|Any CPU
		{649FF047-27E2-4992-A039-74CE2641D0AA}.Release|Any CPU.Build.0 = Release|Any CPU
	EndGlobalSection
	GlobalSection(SolutionProperties) = preSolution
		HideSolutionNode = FALSE
	EndGlobalSection
	GlobalSection(ExtensibilityGlobals) = postSolution
		SolutionGuid = {67D4D450-40F0-4A83-8B9F-58F45AB1DA41}
	EndGlobalSection
EndGlobal
